// !$*UTF8*$!
{
	archiveVersion = 1;
	classes = {
	};
	objectVersion = 56;
	objects = {

/* Begin PBXBuildFile section */
		870B006D2AC5E7DB0065A4E2 /* Game.swift in Sources */ = {isa = PBXBuildFile; fileRef = 870B006C2AC5E7DB0065A4E2 /* Game.swift */; };
		871401372ABBFDF600E76F69 /* Code_HistoryApp.swift in Sources */ = {isa = PBXBuildFile; fileRef = 871401362ABBFDF600E76F69 /* Code_HistoryApp.swift */; };
		871401392ABBFDF600E76F69 /* GameView.swift in Sources */ = {isa = PBXBuildFile; fileRef = 871401382ABBFDF600E76F69 /* GameView.swift */; };
		8714013B2ABBFDF800E76F69 /* Assets.xcassets in Resources */ = {isa = PBXBuildFile; fileRef = 8714013A2ABBFDF800E76F69 /* Assets.xcassets */; };
		8714013F2ABBFDF800E76F69 /* Preview Assets.xcassets in Resources */ = {isa = PBXBuildFile; fileRef = 8714013E2ABBFDF800E76F69 /* Preview Assets.xcassets */; };
		8714014A2ABC0F6100E76F69 /* CustomButton.swift in Sources */ = {isa = PBXBuildFile; fileRef = 871401492ABC0F6100E76F69 /* CustomButton.swift */; };
		8714014C2AC0406E00E76F69 /* Question.swift in Sources */ = {isa = PBXBuildFile; fileRef = 8714014B2AC0406E00E76F69 /* Question.swift */; };
		8731DD562AC81CF400277909 /* WelcomeView.swift in Sources */ = {isa = PBXBuildFile; fileRef = 8731DD552AC81CF400277909 /* WelcomeView.swift */; };
		8731DD582AC8219D00277909 /* GameColor.swift in Sources */ = {isa = PBXBuildFile; fileRef = 8731DD572AC8219D00277909 /* GameColor.swift */; };
		8731DD5A2AC8232D00277909 /* BottomTextView.swift in Sources */ = {isa = PBXBuildFile; fileRef = 8731DD592AC8232D00277909 /* BottomTextView.swift */; };
		8731DD5D2ACA796E00277909 /* GameViewModel.swift in Sources */ = {isa = PBXBuildFile; fileRef = 8731DD5C2ACA796E00277909 /* GameViewModel.swift */; };
		8731DD5F2ACA80C500277909 /* QuestionView.swift in Sources */ = {isa = PBXBuildFile; fileRef = 8731DD5E2ACA80C500277909 /* QuestionView.swift */; };
		8731DD612ACA966200277909 /* ScoreView.swift in Sources */ = {isa = PBXBuildFile; fileRef = 8731DD602ACA966200277909 /* ScoreView.swift */; };
		8731DD642ACA9A1000277909 /* ScoreViewModel.swift in Sources */ = {isa = PBXBuildFile; fileRef = 8731DD632ACA9A1000277909 /* ScoreViewModel.swift */; };
/* End PBXBuildFile section */

/* Begin PBXFileReference section */
		870B006C2AC5E7DB0065A4E2 /* Game.swift */ = {isa = PBXFileReference; lastKnownFileType = sourcecode.swift; path = Game.swift; sourceTree = "<group>"; };
		871401332ABBFDF600E76F69 /* Code History.app */ = {isa = PBXFileReference; explicitFileType = wrapper.application; includeInIndex = 0; path = "Code History.app"; sourceTree = BUILT_PRODUCTS_DIR; };
		871401362ABBFDF600E76F69 /* Code_HistoryApp.swift */ = {isa = PBXFileReference; lastKnownFileType = sourcecode.swift; path = Code_HistoryApp.swift; sourceTree = "<group>"; };
		871401382ABBFDF600E76F69 /* GameView.swift */ = {isa = PBXFileReference; lastKnownFileType = sourcecode.swift; path = GameView.swift; sourceTree = "<group>"; };
		8714013A2ABBFDF800E76F69 /* Assets.xcassets */ = {isa = PBXFileReference; lastKnownFileType = folder.assetcatalog; path = Assets.xcassets; sourceTree = "<group>"; };
		8714013C2ABBFDF800E76F69 /* Code_History.entitlements */ = {isa = PBXFileReference; lastKnownFileType = text.plist.entitlements; path = Code_History.entitlements; sourceTree = "<group>"; };
		8714013E2ABBFDF800E76F69 /* Preview Assets.xcassets */ = {isa = PBXFileReference; lastKnownFileType = folder.assetcatalog; path = "Preview Assets.xcassets"; sourceTree = "<group>"; };
		871401492ABC0F6100E76F69 /* CustomButton.swift */ = {isa = PBXFileReference; lastKnownFileType = sourcecode.swift; path = CustomButton.swift; sourceTree = "<group>"; };
		8714014B2AC0406E00E76F69 /* Question.swift */ = {isa = PBXFileReference; lastKnownFileType = sourcecode.swift; path = Question.swift; sourceTree = "<group>"; };
		8731DD552AC81CF400277909 /* WelcomeView.swift */ = {isa = PBXFileReference; lastKnownFileType = sourcecode.swift; path = WelcomeView.swift; sourceTree = "<group>"; };
		8731DD572AC8219D00277909 /* GameColor.swift */ = {isa = PBXFileReference; lastKnownFileType = sourcecode.swift; path = GameColor.swift; sourceTree = "<group>"; };
		8731DD592AC8232D00277909 /* BottomTextView.swift */ = {isa = PBXFileReference; lastKnownFileType = sourcecode.swift; path = BottomTextView.swift; sourceTree = "<group>"; };
		8731DD5C2ACA796E00277909 /* GameViewModel.swift */ = {isa = PBXFileReference; lastKnownFileType = sourcecode.swift; path = GameViewModel.swift; sourceTree = "<group>"; };
		8731DD5E2ACA80C500277909 /* QuestionView.swift */ = {isa = PBXFileReference; lastKnownFileType = sourcecode.swift; path = QuestionView.swift; sourceTree = "<group>"; };
		8731DD602ACA966200277909 /* ScoreView.swift */ = {isa = PBXFileReference; lastKnownFileType = sourcecode.swift; path = ScoreView.swift; sourceTree = "<group>"; };
		8731DD632ACA9A1000277909 /* ScoreViewModel.swift */ = {isa = PBXFileReference; lastKnownFileType = sourcecode.swift; path = ScoreViewModel.swift; sourceTree = "<group>"; };
/* End PBXFileReference section */

/* Begin PBXFrameworksBuildPhase section */
		871401302ABBFDF600E76F69 /* Frameworks */ = {
			isa = PBXFrameworksBuildPhase;
			buildActionMask = 2147483647;
			files = (
			);
			runOnlyForDeploymentPostprocessing = 0;
		};
/* End PBXFrameworksBuildPhase section */

/* Begin PBXGroup section */
		870B00662AC5E71F0065A4E2 /* Models */ = {
			isa = PBXGroup;
			children = (
				8714014B2AC0406E00E76F69 /* Question.swift */,
				870B006C2AC5E7DB0065A4E2 /* Game.swift */,
			);
			path = Models;
			sourceTree = "<group>";
		};
		870B00672AC5E7300065A4E2 /* Views */ = {
			isa = PBXGroup;
			children = (
				8731DD622ACA99D700277909 /* Screen */,
				871401492ABC0F6100E76F69 /* CustomButton.swift */,
				8731DD572AC8219D00277909 /* GameColor.swift */,
				8731DD592AC8232D00277909 /* BottomTextView.swift */,
				8731DD5E2ACA80C500277909 /* QuestionView.swift */,
			);
			path = Views;
			sourceTree = "<group>";
		};
		8714012A2ABBFDF600E76F69 = {
			isa = PBXGroup;
			children = (
				871401352ABBFDF600E76F69 /* Code History */,
				871401342ABBFDF600E76F69 /* Products */,
			);
			sourceTree = "<group>";
		};
		871401342ABBFDF600E76F69 /* Products */ = {
			isa = PBXGroup;
			children = (
				871401332ABBFDF600E76F69 /* Code History.app */,
			);
			name = Products;
			sourceTree = "<group>";
		};
		871401352ABBFDF600E76F69 /* Code History */ = {
			isa = PBXGroup;
			children = (
				8731DD5B2ACA795800277909 /* ViewModel */,
				870B00662AC5E71F0065A4E2 /* Models */,
				871401362ABBFDF600E76F69 /* Code_HistoryApp.swift */,
				870B00672AC5E7300065A4E2 /* Views */,
				8714013A2ABBFDF800E76F69 /* Assets.xcassets */,
				8714013C2ABBFDF800E76F69 /* Code_History.entitlements */,
				8714013D2ABBFDF800E76F69 /* Preview Content */,
			);
			path = "Code History";
			sourceTree = "<group>";
		};
		8714013D2ABBFDF800E76F69 /* Preview Content */ = {
			isa = PBXGroup;
			children = (
				8714013E2ABBFDF800E76F69 /* Preview Assets.xcassets */,
			);
			path = "Preview Content";
			sourceTree = "<group>";
		};
		8731DD5B2ACA795800277909 /* ViewModel */ = {
			isa = PBXGroup;
			children = (
				8731DD5C2ACA796E00277909 /* GameViewModel.swift */,
				8731DD632ACA9A1000277909 /* ScoreViewModel.swift */,
			);
			path = ViewModel;
			sourceTree = "<group>";
		};
		8731DD622ACA99D700277909 /* Screen */ = {
			isa = PBXGroup;
			children = (
				871401382ABBFDF600E76F69 /* GameView.swift */,
				8731DD552AC81CF400277909 /* WelcomeView.swift */,
				8731DD602ACA966200277909 /* ScoreView.swift */,
			);
			path = Screen;
			sourceTree = "<group>";
		};
/* End PBXGroup section */

/* Begin PBXNativeTarget section */
		871401322ABBFDF600E76F69 /* Code History */ = {
			isa = PBXNativeTarget;
			buildConfigurationList = 871401422ABBFDF800E76F69 /* Build configuration list for PBXNativeTarget "Code History" */;
			buildPhases = (
				8714012F2ABBFDF600E76F69 /* Sources */,
				871401302ABBFDF600E76F69 /* Frameworks */,
				871401312ABBFDF600E76F69 /* Resources */,
			);
			buildRules = (
			);
			dependencies = (
			);
			name = "Code History";
			productName = "Code History";
			productReference = 871401332ABBFDF600E76F69 /* Code History.app */;
			productType = "com.apple.product-type.application";
		};
/* End PBXNativeTarget section */

/* Begin PBXProject section */
		8714012B2ABBFDF600E76F69 /* Project object */ = {
			isa = PBXProject;
			attributes = {
				BuildIndependentTargetsInParallel = 1;
				LastSwiftUpdateCheck = 1430;
				LastUpgradeCheck = 1430;
				TargetAttributes = {
					871401322ABBFDF600E76F69 = {
						CreatedOnToolsVersion = 14.3.1;
					};
				};
			};
			buildConfigurationList = 8714012E2ABBFDF600E76F69 /* Build configuration list for PBXProject "Code History" */;
			compatibilityVersion = "Xcode 14.0";
			developmentRegion = en;
			hasScannedForEncodings = 0;
			knownRegions = (
				en,
				Base,
			);
			mainGroup = 8714012A2ABBFDF600E76F69;
			productRefGroup = 871401342ABBFDF600E76F69 /* Products */;
			projectDirPath = "";
			projectRoot = "";
			targets = (
				871401322ABBFDF600E76F69 /* Code History */,
			);
		};
/* End PBXProject section */

/* Begin PBXResourcesBuildPhase section */
		871401312ABBFDF600E76F69 /* Resources */ = {
			isa = PBXResourcesBuildPhase;
			buildActionMask = 2147483647;
			files = (
				8714013F2ABBFDF800E76F69 /* Preview Assets.xcassets in Resources */,
				8714013B2ABBFDF800E76F69 /* Assets.xcassets in Resources */,
			);
			runOnlyForDeploymentPostprocessing = 0;
		};
/* End PBXResourcesBuildPhase section */

/* Begin PBXSourcesBuildPhase section */
		8714012F2ABBFDF600E76F69 /* Sources */ = {
			isa = PBXSourcesBuildPhase;
			buildActionMask = 2147483647;
			files = (
				8731DD5F2ACA80C500277909 /* QuestionView.swift in Sources */,
				8731DD5D2ACA796E00277909 /* GameViewModel.swift in Sources */,
				871401392ABBFDF600E76F69 /* GameView.swift in Sources */,
				8731DD642ACA9A1000277909 /* ScoreViewModel.swift in Sources */,
				8731DD562AC81CF400277909 /* WelcomeView.swift in Sources */,
				870B006D2AC5E7DB0065A4E2 /* Game.swift in Sources */,
				8714014C2AC0406E00E76F69 /* Question.swift in Sources */,
				8731DD5A2AC8232D00277909 /* BottomTextView.swift in Sources */,
				8731DD612ACA966200277909 /* ScoreView.swift in Sources */,
				8731DD582AC8219D00277909 /* GameColor.swift in Sources */,
				871401372ABBFDF600E76F69 /* Code_HistoryApp.swift in Sources */,
				8714014A2ABC0F6100E76F69 /* CustomButton.swift in Sources */,
			);
			runOnlyForDeploymentPostprocessing = 0;
		};
/* End PBXSourcesBuildPhase section */

/* Begin XCBuildConfiguration section */
		871401402ABBFDF800E76F69 /* Debug */ = {
			isa = XCBuildConfiguration;
			buildSettings = {
				ALWAYS_SEARCH_USER_PATHS = NO;
				CLANG_ANALYZER_NONNULL = YES;
				CLANG_ANALYZER_NUMBER_OBJECT_CONVERSION = YES_AGGRESSIVE;
				CLANG_CXX_LANGUAGE_STANDARD = "gnu++20";
				CLANG_ENABLE_MODULES = YES;
				CLANG_ENABLE_OBJC_ARC = YES;
				CLANG_ENABLE_OBJC_WEAK = YES;
				CLANG_WARN_BLOCK_CAPTURE_AUTORELEASING = YES;
				CLANG_WARN_BOOL_CONVERSION = YES;
				CLANG_WARN_COMMA = YES;
				CLANG_WARN_CONSTANT_CONVERSION = YES;
				CLANG_WARN_DEPRECATED_OBJC_IMPLEMENTATIONS = YES;
				CLANG_WARN_DIRECT_OBJC_ISA_USAGE = YES_ERROR;
				CLANG_WARN_DOCUMENTATION_COMMENTS = YES;
				CLANG_WARN_EMPTY_BODY = YES;
				CLANG_WARN_ENUM_CONVERSION = YES;
				CLANG_WARN_INFINITE_RECURSION = YES;
				CLANG_WARN_INT_CONVERSION = YES;
				CLANG_WARN_NON_LITERAL_NULL_CONVERSION = YES;
				CLANG_WARN_OBJC_IMPLICIT_RETAIN_SELF = YES;
				CLANG_WARN_OBJC_LITERAL_CONVERSION = YES;
				CLANG_WARN_OBJC_ROOT_CLASS = YES_ERROR;
				CLANG_WARN_QUOTED_INCLUDE_IN_FRAMEWORK_HEADER = YES;
				CLANG_WARN_RANGE_LOOP_ANALYSIS = YES;
				CLANG_WARN_STRICT_PROTOTYPES = YES;
				CLANG_WARN_SUSPICIOUS_MOVE = YES;
				CLANG_WARN_UNGUARDED_AVAILABILITY = YES_AGGRESSIVE;
				CLANG_WARN_UNREACHABLE_CODE = YES;
				CLANG_WARN__DUPLICATE_METHOD_MATCH = YES;
				COPY_PHASE_STRIP = NO;
				DEBUG_INFORMATION_FORMAT = dwarf;
				ENABLE_STRICT_OBJC_MSGSEND = YES;
				ENABLE_TESTABILITY = YES;
				GCC_C_LANGUAGE_STANDARD = gnu11;
				GCC_DYNAMIC_NO_PIC = NO;
				GCC_NO_COMMON_BLOCKS = YES;
				GCC_OPTIMIZATION_LEVEL = 0;
				GCC_PREPROCESSOR_DEFINITIONS = (
					"DEBUG=1",
					"$(inherited)",
				);
				GCC_WARN_64_TO_32_BIT_CONVERSION = YES;
				GCC_WARN_ABOUT_RETURN_TYPE = YES_ERROR;
				GCC_WARN_UNDECLARED_SELECTOR = YES;
				GCC_WARN_UNINITIALIZED_AUTOS = YES_AGGRESSIVE;
				GCC_WARN_UNUSED_FUNCTION = YES;
				GCC_WARN_UNUSED_VARIABLE = YES;
				MTL_ENABLE_DEBUG_INFO = INCLUDE_SOURCE;
				MTL_FAST_MATH = YES;
				ONLY_ACTIVE_ARCH = YES;
				SWIFT_ACTIVE_COMPILATION_CONDITIONS = DEBUG;
				SWIFT_OPTIMIZATION_LEVEL = "-Onone";
			};
			name = Debug;
		};
		871401412ABBFDF800E76F69 /* Release */ = {
			isa = XCBuildConfiguration;
			buildSettings = {
				ALWAYS_SEARCH_USER_PATHS = NO;
				CLANG_ANALYZER_NONNULL = YES;
				CLANG_ANALYZER_NUMBER_OBJECT_CONVERSION = YES_AGGRESSIVE;
				CLANG_CXX_LANGUAGE_STANDARD = "gnu++20";
				CLANG_ENABLE_MODULES = YES;
				CLANG_ENABLE_OBJC_ARC = YES;
				CLANG_ENABLE_OBJC_WEAK = YES;
				CLANG_WARN_BLOCK_CAPTURE_AUTORELEASING = YES;
				CLANG_WARN_BOOL_CONVERSION = YES;
				CLANG_WARN_COMMA = YES;
				CLANG_WARN_CONSTANT_CONVERSION = YES;
				CLANG_WARN_DEPRECATED_OBJC_IMPLEMENTATIONS = YES;
				CLANG_WARN_DIRECT_OBJC_ISA_USAGE = YES_ERROR;
				CLANG_WARN_DOCUMENTATION_COMMENTS = YES;
				CLANG_WARN_EMPTY_BODY = YES;
				CLANG_WARN_ENUM_CONVERSION = YES;
				CLANG_WARN_INFINITE_RECURSION = YES;
				CLANG_WARN_INT_CONVERSION = YES;
				CLANG_WARN_NON_LITERAL_NULL_CONVERSION = YES;
				CLANG_WARN_OBJC_IMPLICIT_RETAIN_SELF = YES;
				CLANG_WARN_OBJC_LITERAL_CONVERSION = YES;
				CLANG_WARN_OBJC_ROOT_CLASS = YES_ERROR;
				CLANG_WARN_QUOTED_INCLUDE_IN_FRAMEWORK_HEADER = YES;
				CLANG_WARN_RANGE_LOOP_ANALYSIS = YES;
				CLANG_WARN_STRICT_PROTOTYPES = YES;
				CLANG_WARN_SUSPICIOUS_MOVE = YES;
				CLANG_WARN_UNGUARDED_AVAILABILITY = YES_AGGRESSIVE;
				CLANG_WARN_UNREACHABLE_CODE = YES;
				CLANG_WARN__DUPLICATE_METHOD_MATCH = YES;
				COPY_PHASE_STRIP = NO;
				DEBUG_INFORMATION_FORMAT = "dwarf-with-dsym";
				ENABLE_NS_ASSERTIONS = NO;
				ENABLE_STRICT_OBJC_MSGSEND = YES;
				GCC_C_LANGUAGE_STANDARD = gnu11;
				GCC_NO_COMMON_BLOCKS = YES;
				GCC_WARN_64_TO_32_BIT_CONVERSION = YES;
				GCC_WARN_ABOUT_RETURN_TYPE = YES_ERROR;
				GCC_WARN_UNDECLARED_SELECTOR = YES;
				GCC_WARN_UNINITIALIZED_AUTOS = YES_AGGRESSIVE;
				GCC_WARN_UNUSED_FUNCTION = YES;
				GCC_WARN_UNUSED_VARIABLE = YES;
				MTL_ENABLE_DEBUG_INFO = NO;
				MTL_FAST_MATH = YES;
				SWIFT_COMPILATION_MODE = wholemodule;
				SWIFT_OPTIMIZATION_LEVEL = "-O";
			};
			name = Release;
		};
		871401432ABBFDF800E76F69 /* Debug */ = {
			isa = XCBuildConfiguration;
			buildSettings = {
				ASSETCATALOG_COMPILER_APPICON_NAME = AppIcon;
				ASSETCATALOG_COMPILER_GLOBAL_ACCENT_COLOR_NAME = AccentColor;
				CODE_SIGN_ENTITLEMENTS = "Code History/Code_History.entitlements";
				CODE_SIGN_STYLE = Automatic;
				CURRENT_PROJECT_VERSION = 1;
				DEVELOPMENT_ASSET_PATHS = "\"Code History/Preview Content\"";
				ENABLE_PREVIEWS = YES;
				GENERATE_INFOPLIST_FILE = YES;
				"INFOPLIST_KEY_UIApplicationSceneManifest_Generation[sdk=iphoneos*]" = YES;
				"INFOPLIST_KEY_UIApplicationSceneManifest_Generation[sdk=iphonesimulator*]" = YES;
				"INFOPLIST_KEY_UIApplicationSupportsIndirectInputEvents[sdk=iphoneos*]" = YES;
				"INFOPLIST_KEY_UIApplicationSupportsIndirectInputEvents[sdk=iphonesimulator*]" = YES;
				"INFOPLIST_KEY_UILaunchScreen_Generation[sdk=iphoneos*]" = YES;
				"INFOPLIST_KEY_UILaunchScreen_Generation[sdk=iphonesimulator*]" = YES;
				"INFOPLIST_KEY_UIStatusBarStyle[sdk=iphoneos*]" = UIStatusBarStyleDefault;
				"INFOPLIST_KEY_UIStatusBarStyle[sdk=iphonesimulator*]" = UIStatusBarStyleDefault;
				INFOPLIST_KEY_UISupportedInterfaceOrientations_iPad = "UIInterfaceOrientationPortrait UIInterfaceOrientationPortraitUpsideDown UIInterfaceOrientationLandscapeLeft UIInterfaceOrientationLandscapeRight";
				INFOPLIST_KEY_UISupportedInterfaceOrientations_iPhone = "UIInterfaceOrientationPortrait UIInterfaceOrientationLandscapeLeft UIInterfaceOrientationLandscapeRight";
				IPHONEOS_DEPLOYMENT_TARGET = 16.4;
				LD_RUNPATH_SEARCH_PATHS = "@executable_path/Frameworks";
				"LD_RUNPATH_SEARCH_PATHS[sdk=macosx*]" = "@executable_path/../Frameworks";
				MACOSX_DEPLOYMENT_TARGET = 13.3;
				MARKETING_VERSION = 1.0;
				PRODUCT_BUNDLE_IDENTIFIER = "com.neotica.Code-History";
				PRODUCT_NAME = "$(TARGET_NAME)";
				SDKROOT = auto;
				SUPPORTED_PLATFORMS = "iphoneos iphonesimulator macosx";
				SWIFT_EMIT_LOC_STRINGS = YES;
				SWIFT_VERSION = 5.0;
				TARGETED_DEVICE_FAMILY = "1,2";
			};
			name = Debug;
		};
		871401442ABBFDF800E76F69 /* Release */ = {
			isa = XCBuildConfiguration;
			buildSettings = {
				ASSETCATALOG_COMPILER_APPICON_NAME = AppIcon;
				ASSETCATALOG_COMPILER_GLOBAL_ACCENT_COLOR_NAME = AccentColor;
				CODE_SIGN_ENTITLEMENTS = "Code History/Code_History.entitlements";
				CODE_SIGN_STYLE = Automatic;
				CURRENT_PROJECT_VERSION = 1;
				DEVELOPMENT_ASSET_PATHS = "\"Code History/Preview Content\"";
				ENABLE_PREVIEWS = YES;
				GENERATE_INFOPLIST_FILE = YES;
				"INFOPLIST_KEY_UIApplicationSceneManifest_Generation[sdk=iphoneos*]" = YES;
				"INFOPLIST_KEY_UIApplicationSceneManifest_Generation[sdk=iphonesimulator*]" = YES;
				"INFOPLIST_KEY_UIApplicationSupportsIndirectInputEvents[sdk=iphoneos*]" = YES;
				"INFOPLIST_KEY_UIApplicationSupportsIndirectInputEvents[sdk=iphonesimulator*]" = YES;
				"INFOPLIST_KEY_UILaunchScreen_Generation[sdk=iphoneos*]" = YES;
				"INFOPLIST_KEY_UILaunchScreen_Generation[sdk=iphonesimulator*]" = YES;
				"INFOPLIST_KEY_UIStatusBarStyle[sdk=iphoneos*]" = UIStatusBarStyleDefault;
				"INFOPLIST_KEY_UIStatusBarStyle[sdk=iphonesimulator*]" = UIStatusBarStyleDefault;
				INFOPLIST_KEY_UISupportedInterfaceOrientations_iPad = "UIInterfaceOrientationPortrait UIInterfaceOrientationPortraitUpsideDown UIInterfaceOrientationLandscapeLeft UIInterfaceOrientationLandscapeRight";
				INFOPLIST_KEY_UISupportedInterfaceOrientations_iPhone = "UIInterfaceOrientationPortrait UIInterfaceOrientationLandscapeLeft UIInterfaceOrientationLandscapeRight";
				IPHONEOS_DEPLOYMENT_TARGET = 16.4;
				LD_RUNPATH_SEARCH_PATHS = "@executable_path/Frameworks";
				"LD_RUNPATH_SEARCH_PATHS[sdk=macosx*]" = "@executable_path/../Frameworks";
				MACOSX_DEPLOYMENT_TARGET = 13.3;
				MARKETING_VERSION = 1.0;
				PRODUCT_BUNDLE_IDENTIFIER = "com.neotica.Code-History";
				PRODUCT_NAME = "$(TARGET_NAME)";
				SDKROOT = auto;
				SUPPORTED_PLATFORMS = "iphoneos iphonesimulator macosx";
				SWIFT_EMIT_LOC_STRINGS = YES;
				SWIFT_VERSION = 5.0;
				TARGETED_DEVICE_FAMILY = "1,2";
			};
			name = Release;
		};
/* End XCBuildConfiguration section */

/* Begin XCConfigurationList section */
		8714012E2ABBFDF600E76F69 /* Build configuration list for PBXProject "Code History" */ = {
			isa = XCConfigurationList;
			buildConfigurations = (
				871401402ABBFDF800E76F69 /* Debug */,
				871401412ABBFDF800E76F69 /* Release */,
			);
			defaultConfigurationIsVisible = 0;
			defaultConfigurationName = Release;
		};
		871401422ABBFDF800E76F69 /* Build configuration list for PBXNativeTarget "Code History" */ = {
			isa = XCConfigurationList;
			buildConfigurations = (
				871401432ABBFDF800E76F69 /* Debug */,
				871401442ABBFDF800E76F69 /* Release */,
			);
			defaultConfigurationIsVisible = 0;
			defaultConfigurationName = Release;
		};
/* End XCConfigurationList section */
	};
	rootObject = 8714012B2ABBFDF600E76F69 /* Project object */;
}
